// !$*UTF8*$!
{
	archiveVersion = 1;
	classes = {
	};
	objectVersion = 56;
	objects = {

/* Begin PBXBuildFile section */
		BC9873C92CB4CCDF00D621E1 /* PbxConflictExampleApp.swift in Sources */ = {isa = PBXBuildFile; fileRef = BC9873C82CB4CCDF00D621E1 /* PbxConflictExampleApp.swift */; };
		BC9873CB2CB4CCDF00D621E1 /* ContentView.swift in Sources */ = {isa = PBXBuildFile; fileRef = BC9873CA2CB4CCDF00D621E1 /* ContentView.swift */; };
		BC9873CD2CB4CCE000D621E1 /* Assets.xcassets in Resources */ = {isa = PBXBuildFile; fileRef = BC9873CC2CB4CCE000D621E1 /* Assets.xcassets */; };
		BC9873D02CB4CCE000D621E1 /* Preview Assets.xcassets in Resources */ = {isa = PBXBuildFile; fileRef = BC9873CF2CB4CCE000D621E1 /* Preview Assets.xcassets */; };
		BC9873DA2CB4CCE000D621E1 /* PbxConflictExampleTests.swift in Sources */ = {isa = PBXBuildFile; fileRef = BC9873D92CB4CCE000D621E1 /* PbxConflictExampleTests.swift */; };
		BC9873E42CB4CCE000D621E1 /* PbxConflictExampleUITests.swift in Sources */ = {isa = PBXBuildFile; fileRef = BC9873E32CB4CCE000D621E1 /* PbxConflictExampleUITests.swift */; };
		BC9873E62CB4CCE000D621E1 /* PbxConflictExampleUITestsLaunchTests.swift in Sources */ = {isa = PBXBuildFile; fileRef = BC9873E52CB4CCE000D621E1 /* PbxConflictExampleUITestsLaunchTests.swift */; };
/* End PBXBuildFile section */

/* Begin PBXContainerItemProxy section */
		BC9873D62CB4CCE000D621E1 /* PBXContainerItemProxy */ = {
			isa = PBXContainerItemProxy;
			containerPortal = BC9873BD2CB4CCDF00D621E1 /* Project object */;
			proxyType = 1;
			remoteGlobalIDString = BC9873C42CB4CCDF00D621E1;
			remoteInfo = PbxConflictExample;
		};
		BC9873E02CB4CCE000D621E1 /* PBXContainerItemProxy */ = {
			isa = PBXContainerItemProxy;
			containerPortal = BC9873BD2CB4CCDF00D621E1 /* Project object */;
			proxyType = 1;
			remoteGlobalIDString = BC9873C42CB4CCDF00D621E1;
			remoteInfo = PbxConflictExample;
		};
/* End PBXContainerItemProxy section */

/* Begin PBXFileReference section */
		BC9873C52CB4CCDF00D621E1 /* PbxConflictExample.app */ = {isa = PBXFileReference; explicitFileType = wrapper.application; includeInIndex = 0; path = PbxConflictExample.app; sourceTree = BUILT_PRODUCTS_DIR; };
		BC9873C82CB4CCDF00D621E1 /* PbxConflictExampleApp.swift */ = {isa = PBXFileReference; lastKnownFileType = sourcecode.swift; path = PbxConflictExampleApp.swift; sourceTree = "<group>"; };
		BC9873CA2CB4CCDF00D621E1 /* ContentView.swift */ = {isa = PBXFileReference; lastKnownFileType = sourcecode.swift; path = ContentView.swift; sourceTree = "<group>"; };
		BC9873CC2CB4CCE000D621E1 /* Assets.xcassets */ = {isa = PBXFileReference; lastKnownFileType = folder.assetcatalog; path = Assets.xcassets; sourceTree = "<group>"; };
		BC9873CF2CB4CCE000D621E1 /* Preview Assets.xcassets */ = {isa = PBXFileReference; lastKnownFileType = folder.assetcatalog; path = "Preview Assets.xcassets"; sourceTree = "<group>"; };
		BC9873D52CB4CCE000D621E1 /* PbxConflictExampleTests.xctest */ = {isa = PBXFileReference; explicitFileType = wrapper.cfbundle; includeInIndex = 0; path = PbxConflictExampleTests.xctest; sourceTree = BUILT_PRODUCTS_DIR; };
		BC9873D92CB4CCE000D621E1 /* PbxConflictExampleTests.swift */ = {isa = PBXFileReference; lastKnownFileType = sourcecode.swift; path = PbxConflictExampleTests.swift; sourceTree = "<group>"; };
		BC9873DF2CB4CCE000D621E1 /* PbxConflictExampleUITests.xctest */ = {isa = PBXFileReference; explicitFileType = wrapper.cfbundle; includeInIndex = 0; path = PbxConflictExampleUITests.xctest; sourceTree = BUILT_PRODUCTS_DIR; };
		BC9873E32CB4CCE000D621E1 /* PbxConflictExampleUITests.swift */ = {isa = PBXFileReference; lastKnownFileType = sourcecode.swift; path = PbxConflictExampleUITests.swift; sourceTree = "<group>"; };
		BC9873E52CB4CCE000D621E1 /* PbxConflictExampleUITestsLaunchTests.swift */ = {isa = PBXFileReference; lastKnownFileType = sourcecode.swift; path = PbxConflictExampleUITestsLaunchTests.swift; sourceTree = "<group>"; };
/* End PBXFileReference section */

/* Begin PBXFrameworksBuildPhase section */
		BC9873C22CB4CCDF00D621E1 /* Frameworks */ = {
			isa = PBXFrameworksBuildPhase;
			buildActionMask = 2147483647;
			files = (
			);
			runOnlyForDeploymentPostprocessing = 0;
		};
		BC9873D22CB4CCE000D621E1 /* Frameworks */ = {
			isa = PBXFrameworksBuildPhase;
			buildActionMask = 2147483647;
			files = (
			);
			runOnlyForDeploymentPostprocessing = 0;
		};
		BC9873DC2CB4CCE000D621E1 /* Frameworks */ = {
			isa = PBXFrameworksBuildPhase;
			buildActionMask = 2147483647;
			files = (
			);
			runOnlyForDeploymentPostprocessing = 0;
		};
/* End PBXFrameworksBuildPhase section */

/* Begin PBXGroup section */
		BC9873BC2CB4CCDF00D621E1 = {
			isa = PBXGroup;
			children = (
				BC9873C72CB4CCDF00D621E1 /* PbxConflictExample */,
				BC9873D82CB4CCE000D621E1 /* PbxConflictExampleTests */,
				BC9873E22CB4CCE000D621E1 /* PbxConflictExampleUITests */,
				BC9873C62CB4CCDF00D621E1 /* Products */,
			);
			sourceTree = "<group>";
		};
		BC9873C62CB4CCDF00D621E1 /* Products */ = {
			isa = PBXGroup;
			children = (
				BC9873C52CB4CCDF00D621E1 /* PbxConflictExample.app */,
				BC9873D52CB4CCE000D621E1 /* PbxConflictExampleTests.xctest */,
				BC9873DF2CB4CCE000D621E1 /* PbxConflictExampleUITests.xctest */,
			);
			name = Products;
			sourceTree = "<group>";
		};
		BC9873C72CB4CCDF00D621E1 /* PbxConflictExample */ = {
			isa = PBXGroup;
			children = (
				BC9873F22CB4D0CC00D621E1 /* test */,
				BC9873C82CB4CCDF00D621E1 /* PbxConflictExampleApp.swift */,
				BC9873CC2CB4CCE000D621E1 /* Assets.xcassets */,
				BC9873CE2CB4CCE000D621E1 /* Preview Content */,
			);
			path = PbxConflictExample;
			sourceTree = "<group>";
		};
		BC9873CE2CB4CCE000D621E1 /* Preview Content */ = {
			isa = PBXGroup;
			children = (
				BC9873CF2CB4CCE000D621E1 /* Preview Assets.xcassets */,
			);
			path = "Preview Content";
			sourceTree = "<group>";
		};
		BC9873D82CB4CCE000D621E1 /* PbxConflictExampleTests */ = {
			isa = PBXGroup;
			children = (
				BC9873D92CB4CCE000D621E1 /* PbxConflictExampleTests.swift */,
			);
			path = PbxConflictExampleTests;
			sourceTree = "<group>";
		};
		BC9873E22CB4CCE000D621E1 /* PbxConflictExampleUITests */ = {
			isa = PBXGroup;
			children = (
				BC9873E32CB4CCE000D621E1 /* PbxConflictExampleUITests.swift */,
				BC9873E52CB4CCE000D621E1 /* PbxConflictExampleUITestsLaunchTests.swift */,
			);
			path = PbxConflictExampleUITests;
			sourceTree = "<group>";
		};
		BC9873F22CB4D0CC00D621E1 /* test */ = {
			isa = PBXGroup;
			children = (
				BC9873CA2CB4CCDF00D621E1 /* ContentView.swift */,
			);
			path = test;
			sourceTree = "<group>";
		};
/* End PBXGroup section */

/* Begin PBXNativeTarget section */
		BC9873C42CB4CCDF00D621E1 /* PbxConflictExample */ = {
			isa = PBXNativeTarget;
			buildConfigurationList = BC9873E92CB4CCE000D621E1 /* Build configuration list for PBXNativeTarget "PbxConflictExample" */;
			buildPhases = (
				BC9873C12CB4CCDF00D621E1 /* Sources */,
				BC9873C22CB4CCDF00D621E1 /* Frameworks */,
				BC9873C32CB4CCDF00D621E1 /* Resources */,
			);
			buildRules = (
			);
			dependencies = (
			);
			name = PbxConflictExample;
			productName = PbxConflictExample;
			productReference = BC9873C52CB4CCDF00D621E1 /* PbxConflictExample.app */;
			productType = "com.apple.product-type.application";
		};
		BC9873D42CB4CCE000D621E1 /* PbxConflictExampleTests */ = {
			isa = PBXNativeTarget;
			buildConfigurationList = BC9873EC2CB4CCE000D621E1 /* Build configuration list for PBXNativeTarget "PbxConflictExampleTests" */;
			buildPhases = (
				BC9873D12CB4CCE000D621E1 /* Sources */,
				BC9873D22CB4CCE000D621E1 /* Frameworks */,
				BC9873D32CB4CCE000D621E1 /* Resources */,
			);
			buildRules = (
			);
			dependencies = (
				BC9873D72CB4CCE000D621E1 /* PBXTargetDependency */,
			);
			name = PbxConflictExampleTests;
			productName = PbxConflictExampleTests;
			productReference = BC9873D52CB4CCE000D621E1 /* PbxConflictExampleTests.xctest */;
			productType = "com.apple.product-type.bundle.unit-test";
		};
		BC9873DE2CB4CCE000D621E1 /* PbxConflictExampleUITests */ = {
			isa = PBXNativeTarget;
			buildConfigurationList = BC9873EF2CB4CCE000D621E1 /* Build configuration list for PBXNativeTarget "PbxConflictExampleUITests" */;
			buildPhases = (
				BC9873DB2CB4CCE000D621E1 /* Sources */,
				BC9873DC2CB4CCE000D621E1 /* Frameworks */,
				BC9873DD2CB4CCE000D621E1 /* Resources */,
			);
			buildRules = (
			);
			dependencies = (
				BC9873E12CB4CCE000D621E1 /* PBXTargetDependency */,
			);
			name = PbxConflictExampleUITests;
			productName = PbxConflictExampleUITests;
			productReference = BC9873DF2CB4CCE000D621E1 /* PbxConflictExampleUITests.xctest */;
			productType = "com.apple.product-type.bundle.ui-testing";
		};
/* End PBXNativeTarget section */

/* Begin PBXProject section */
		BC9873BD2CB4CCDF00D621E1 /* Project object */ = {
			isa = PBXProject;
			attributes = {
				BuildIndependentTargetsInParallel = 1;
				LastSwiftUpdateCheck = 1540;
				LastUpgradeCheck = 1540;
				TargetAttributes = {
					BC9873C42CB4CCDF00D621E1 = {
						CreatedOnToolsVersion = 15.4;
					};
					BC9873D42CB4CCE000D621E1 = {
						CreatedOnToolsVersion = 15.4;
						TestTargetID = BC9873C42CB4CCDF00D621E1;
					};
					BC9873DE2CB4CCE000D621E1 = {
						CreatedOnToolsVersion = 15.4;
						TestTargetID = BC9873C42CB4CCDF00D621E1;
					};
				};
			};
			buildConfigurationList = BC9873C02CB4CCDF00D621E1 /* Build configuration list for PBXProject "PbxConflictExample" */;
			compatibilityVersion = "Xcode 14.0";
			developmentRegion = en;
			hasScannedForEncodings = 0;
			knownRegions = (
				en,
				Base,
			);
			mainGroup = BC9873BC2CB4CCDF00D621E1;
			productRefGroup = BC9873C62CB4CCDF00D621E1 /* Products */;
			projectDirPath = "";
			projectRoot = "";
			targets = (
				BC9873C42CB4CCDF00D621E1 /* PbxConflictExample */,
				BC9873D42CB4CCE000D621E1 /* PbxConflictExampleTests */,
				BC9873DE2CB4CCE000D621E1 /* PbxConflictExampleUITests */,
			);
		};
/* End PBXProject section */

/* Begin PBXResourcesBuildPhase section */
		BC9873C32CB4CCDF00D621E1 /* Resources */ = {
			isa = PBXResourcesBuildPhase;
			buildActionMask = 2147483647;
			files = (
				BC9873D02CB4CCE000D621E1 /* Preview Assets.xcassets in Resources */,
				BC9873CD2CB4CCE000D621E1 /* Assets.xcassets in Resources */,
			);
			runOnlyForDeploymentPostprocessing = 0;
		};
		BC9873D32CB4CCE000D621E1 /* Resources */ = {
			isa = PBXResourcesBuildPhase;
			buildActionMask = 2147483647;
			files = (
			);
			runOnlyForDeploymentPostprocessing = 0;
		};
		BC9873DD2CB4CCE000D621E1 /* Resources */ = {
			isa = PBXResourcesBuildPhase;
			buildActionMask = 2147483647;
			files = (
			);
			runOnlyForDeploymentPostprocessing = 0;
		};
/* End PBXResourcesBuildPhase section */

/* Begin PBXSourcesBuildPhase section */
		BC9873C12CB4CCDF00D621E1 /* Sources */ = {
			isa = PBXSourcesBuildPhase;
			buildActionMask = 2147483647;
			files = (
				BC9873CB2CB4CCDF00D621E1 /* ContentView.swift in Sources */,
				BC9873C92CB4CCDF00D621E1 /* PbxConflictExampleApp.swift in Sources */,
			);
			runOnlyForDeploymentPostprocessing = 0;
		};
		BC9873D12CB4CCE000D621E1 /* Sources */ = {
			isa = PBXSourcesBuildPhase;
			buildActionMask = 2147483647;
			files = (
				BC9873DA2CB4CCE000D621E1 /* PbxConflictExampleTests.swift in Sources */,
			);
			runOnlyForDeploymentPostprocessing = 0;
		};
		BC9873DB2CB4CCE000D621E1 /* Sources */ = {
			isa = PBXSourcesBuildPhase;
			buildActionMask = 2147483647;
			files = (
				BC9873E62CB4CCE000D621E1 /* PbxConflictExampleUITestsLaunchTests.swift in Sources */,
				BC9873E42CB4CCE000D621E1 /* PbxConflictExampleUITests.swift in Sources */,
			);
			runOnlyForDeploymentPostprocessing = 0;
		};
/* End PBXSourcesBuildPhase section */

/* Begin PBXTargetDependency section */
		BC9873D72CB4CCE000D621E1 /* PBXTargetDependency */ = {
			isa = PBXTargetDependency;
			target = BC9873C42CB4CCDF00D621E1 /* PbxConflictExample */;
			targetProxy = BC9873D62CB4CCE000D621E1 /* PBXContainerItemProxy */;
		};
		BC9873E12CB4CCE000D621E1 /* PBXTargetDependency */ = {
			isa = PBXTargetDependency;
			target = BC9873C42CB4CCDF00D621E1 /* PbxConflictExample */;
			targetProxy = BC9873E02CB4CCE000D621E1 /* PBXContainerItemProxy */;
		};
/* End PBXTargetDependency section */

/* Begin XCBuildConfiguration section */
		BC9873E72CB4CCE000D621E1 /* Debug */ = {
			isa = XCBuildConfiguration;
			buildSettings = {
				ALWAYS_SEARCH_USER_PATHS = NO;
				ASSETCATALOG_COMPILER_GENERATE_SWIFT_ASSET_SYMBOL_EXTENSIONS = YES;
				CLANG_ANALYZER_NONNULL = YES;
				CLANG_ANALYZER_NUMBER_OBJECT_CONVERSION = YES_AGGRESSIVE;
				CLANG_CXX_LANGUAGE_STANDARD = "gnu++20";
				CLANG_ENABLE_MODULES = YES;
				CLANG_ENABLE_OBJC_ARC = YES;
				CLANG_ENABLE_OBJC_WEAK = YES;
				CLANG_WARN_BLOCK_CAPTURE_AUTORELEASING = YES;
				CLANG_WARN_BOOL_CONVERSION = YES;
				CLANG_WARN_COMMA = YES;
				CLANG_WARN_CONSTANT_CONVERSION = YES;
				CLANG_WARN_DEPRECATED_OBJC_IMPLEMENTATIONS = YES;
				CLANG_WARN_DIRECT_OBJC_ISA_USAGE = YES_ERROR;
				CLANG_WARN_DOCUMENTATION_COMMENTS = YES;
				CLANG_WARN_EMPTY_BODY = YES;
				CLANG_WARN_ENUM_CONVERSION = YES;
				CLANG_WARN_INFINITE_RECURSION = YES;
				CLANG_WARN_INT_CONVERSION = YES;
				CLANG_WARN_NON_LITERAL_NULL_CONVERSION = YES;
				CLANG_WARN_OBJC_IMPLICIT_RETAIN_SELF = YES;
				CLANG_WARN_OBJC_LITERAL_CONVERSION = YES;
				CLANG_WARN_OBJC_ROOT_CLASS = YES_ERROR;
				CLANG_WARN_QUOTED_INCLUDE_IN_FRAMEWORK_HEADER = YES;
				CLANG_WARN_RANGE_LOOP_ANALYSIS = YES;
				CLANG_WARN_STRICT_PROTOTYPES = YES;
				CLANG_WARN_SUSPICIOUS_MOVE = YES;
				CLANG_WARN_UNGUARDED_AVAILABILITY = YES_AGGRESSIVE;
				CLANG_WARN_UNREACHABLE_CODE = YES;
				CLANG_WARN__DUPLICATE_METHOD_MATCH = YES;
				COPY_PHASE_STRIP = NO;
				DEBUG_INFORMATION_FORMAT = dwarf;
				ENABLE_STRICT_OBJC_MSGSEND = YES;
				ENABLE_TESTABILITY = YES;
				ENABLE_USER_SCRIPT_SANDBOXING = YES;
				GCC_C_LANGUAGE_STANDARD = gnu17;
				GCC_DYNAMIC_NO_PIC = NO;
				GCC_NO_COMMON_BLOCKS = YES;
				GCC_OPTIMIZATION_LEVEL = 0;
				GCC_PREPROCESSOR_DEFINITIONS = (
					"DEBUG=1",
					"$(inherited)",
				);
				GCC_WARN_64_TO_32_BIT_CONVERSION = YES;
				GCC_WARN_ABOUT_RETURN_TYPE = YES_ERROR;
				GCC_WARN_UNDECLARED_SELECTOR = YES;
				GCC_WARN_UNINITIALIZED_AUTOS = YES_AGGRESSIVE;
				GCC_WARN_UNUSED_FUNCTION = YES;
				GCC_WARN_UNUSED_VARIABLE = YES;
				IPHONEOS_DEPLOYMENT_TARGET = 17.5;
				LOCALIZATION_PREFERS_STRING_CATALOGS = YES;
				MTL_ENABLE_DEBUG_INFO = INCLUDE_SOURCE;
				MTL_FAST_MATH = YES;
				ONLY_ACTIVE_ARCH = YES;
				SDKROOT = iphoneos;
				SWIFT_ACTIVE_COMPILATION_CONDITIONS = "DEBUG $(inherited)";
				SWIFT_OPTIMIZATION_LEVEL = "-Onone";
			};
			name = Debug;
		};
		BC9873E82CB4CCE000D621E1 /* Release */ = {
			isa = XCBuildConfiguration;
			buildSettings = {
				ALWAYS_SEARCH_USER_PATHS = NO;
				ASSETCATALOG_COMPILER_GENERATE_SWIFT_ASSET_SYMBOL_EXTENSIONS = YES;
				CLANG_ANALYZER_NONNULL = YES;
				CLANG_ANALYZER_NUMBER_OBJECT_CONVERSION = YES_AGGRESSIVE;
				CLANG_CXX_LANGUAGE_STANDARD = "gnu++20";
				CLANG_ENABLE_MODULES = YES;
				CLANG_ENABLE_OBJC_ARC = YES;
				CLANG_ENABLE_OBJC_WEAK = YES;
				CLANG_WARN_BLOCK_CAPTURE_AUTORELEASING = YES;
				CLANG_WARN_BOOL_CONVERSION = YES;
				CLANG_WARN_COMMA = YES;
				CLANG_WARN_CONSTANT_CONVERSION = YES;
				CLANG_WARN_DEPRECATED_OBJC_IMPLEMENTATIONS = YES;
				CLANG_WARN_DIRECT_OBJC_ISA_USAGE = YES_ERROR;
				CLANG_WARN_DOCUMENTATION_COMMENTS = YES;
				CLANG_WARN_EMPTY_BODY = YES;
				CLANG_WARN_ENUM_CONVERSION = YES;
				CLANG_WARN_INFINITE_RECURSION = YES;
				CLANG_WARN_INT_CONVERSION = YES;
				CLANG_WARN_NON_LITERAL_NULL_CONVERSION = YES;
				CLANG_WARN_OBJC_IMPLICIT_RETAIN_SELF = YES;
				CLANG_WARN_OBJC_LITERAL_CONVERSION = YES;
				CLANG_WARN_OBJC_ROOT_CLASS = YES_ERROR;
				CLANG_WARN_QUOTED_INCLUDE_IN_FRAMEWORK_HEADER = YES;
				CLANG_WARN_RANGE_LOOP_ANALYSIS = YES;
				CLANG_WARN_STRICT_PROTOTYPES = YES;
				CLANG_WARN_SUSPICIOUS_MOVE = YES;
				CLANG_WARN_UNGUARDED_AVAILABILITY = YES_AGGRESSIVE;
				CLANG_WARN_UNREACHABLE_CODE = YES;
				CLANG_WARN__DUPLICATE_METHOD_MATCH = YES;
				COPY_PHASE_STRIP = NO;
				DEBUG_INFORMATION_FORMAT = "dwarf-with-dsym";
				ENABLE_NS_ASSERTIONS = NO;
				ENABLE_STRICT_OBJC_MSGSEND = YES;
				ENABLE_USER_SCRIPT_SANDBOXING = YES;
				GCC_C_LANGUAGE_STANDARD = gnu17;
				GCC_NO_COMMON_BLOCKS = YES;
				GCC_WARN_64_TO_32_BIT_CONVERSION = YES;
				GCC_WARN_ABOUT_RETURN_TYPE = YES_ERROR;
				GCC_WARN_UNDECLARED_SELECTOR = YES;
				GCC_WARN_UNINITIALIZED_AUTOS = YES_AGGRESSIVE;
				GCC_WARN_UNUSED_FUNCTION = YES;
				GCC_WARN_UNUSED_VARIABLE = YES;
				IPHONEOS_DEPLOYMENT_TARGET = 17.5;
				LOCALIZATION_PREFERS_STRING_CATALOGS = YES;
				MTL_ENABLE_DEBUG_INFO = NO;
				MTL_FAST_MATH = YES;
				SDKROOT = iphoneos;
				SWIFT_COMPILATION_MODE = wholemodule;
				VALIDATE_PRODUCT = YES;
			};
			name = Release;
		};
		BC9873EA2CB4CCE000D621E1 /* Debug */ = {
			isa = XCBuildConfiguration;
			buildSettings = {
				ASSETCATALOG_COMPILER_APPICON_NAME = AppIcon;
				ASSETCATALOG_COMPILER_GLOBAL_ACCENT_COLOR_NAME = AccentColor;
				CODE_SIGN_STYLE = Automatic;
				CURRENT_PROJECT_VERSION = 1;
				DEVELOPMENT_ASSET_PATHS = "\"PbxConflictExample/Preview Content\"";
				DEVELOPMENT_TEAM = F8FT97JYZT;
				ENABLE_PREVIEWS = YES;
				GENERATE_INFOPLIST_FILE = YES;
				INFOPLIST_KEY_UIApplicationSceneManifest_Generation = YES;
				INFOPLIST_KEY_UIApplicationSupportsIndirectInputEvents = YES;
				INFOPLIST_KEY_UILaunchScreen_Generation = YES;
				INFOPLIST_KEY_UISupportedInterfaceOrientations_iPad = "UIInterfaceOrientationPortrait UIInterfaceOrientationPortraitUpsideDown UIInterfaceOrientationLandscapeLeft UIInterfaceOrientationLandscapeRight";
				INFOPLIST_KEY_UISupportedInterfaceOrientations_iPhone = "UIInterfaceOrientationPortrait UIInterfaceOrientationLandscapeLeft UIInterfaceOrientationLandscapeRight";
				LD_RUNPATH_SEARCH_PATHS = (
					"$(inherited)",
					"@executable_path/Frameworks",
				);
				MARKETING_VERSION = 1.0;
				PRODUCT_BUNDLE_IDENTIFIER = com.tunastorm.PbxConflictExample;
				PRODUCT_NAME = "$(TARGET_NAME)";
				SWIFT_EMIT_LOC_STRINGS = YES;
				SWIFT_VERSION = 5.0;
				TARGETED_DEVICE_FAMILY = "1,2";
			};
			name = Debug;
		};
		BC9873EB2CB4CCE000D621E1 /* Release */ = {
			isa = XCBuildConfiguration;
			buildSettings = {
				ASSETCATALOG_COMPILER_APPICON_NAME = AppIcon;
				ASSETCATALOG_COMPILER_GLOBAL_ACCENT_COLOR_NAME = AccentColor;
				CODE_SIGN_STYLE = Automatic;
				CURRENT_PROJECT_VERSION = 1;
				DEVELOPMENT_ASSET_PATHS = "\"PbxConflictExample/Preview Content\"";
				DEVELOPMENT_TEAM = F8FT97JYZT;
				ENABLE_PREVIEWS = YES;
				GENERATE_INFOPLIST_FILE = YES;
				INFOPLIST_KEY_UIApplicationSceneManifest_Generation = YES;
				INFOPLIST_KEY_UIApplicationSupportsIndirectInputEvents = YES;
				INFOPLIST_KEY_UILaunchScreen_Generation = YES;
				INFOPLIST_KEY_UISupportedInterfaceOrientations_iPad = "UIInterfaceOrientationPortrait UIInterfaceOrientationPortraitUpsideDown UIInterfaceOrientationLandscapeLeft UIInterfaceOrientationLandscapeRight";
				INFOPLIST_KEY_UISupportedInterfaceOrientations_iPhone = "UIInterfaceOrientationPortrait UIInterfaceOrientationLandscapeLeft UIInterfaceOrientationLandscapeRight";
				LD_RUNPATH_SEARCH_PATHS = (
					"$(inherited)",
					"@executable_path/Frameworks",
				);
				MARKETING_VERSION = 1.0;
				PRODUCT_BUNDLE_IDENTIFIER = com.tunastorm.PbxConflictExample;
				PRODUCT_NAME = "$(TARGET_NAME)";
				SWIFT_EMIT_LOC_STRINGS = YES;
				SWIFT_VERSION = 5.0;
				TARGETED_DEVICE_FAMILY = "1,2";
			};
			name = Release;
		};
		BC9873ED2CB4CCE000D621E1 /* Debug */ = {
			isa = XCBuildConfiguration;
			buildSettings = {
				ALWAYS_EMBED_SWIFT_STANDARD_LIBRARIES = YES;
				BUNDLE_LOADER = "$(TEST_HOST)";
				CODE_SIGN_STYLE = Automatic;
				CURRENT_PROJECT_VERSION = 1;
				DEVELOPMENT_TEAM = F8FT97JYZT;
				GENERATE_INFOPLIST_FILE = YES;
				IPHONEOS_DEPLOYMENT_TARGET = 17.5;
				MARKETING_VERSION = 1.0;
				PRODUCT_BUNDLE_IDENTIFIER = com.tunastorm.PbxConflictExampleTests;
				PRODUCT_NAME = "$(TARGET_NAME)";
				SWIFT_EMIT_LOC_STRINGS = NO;
				SWIFT_VERSION = 5.0;
				TARGETED_DEVICE_FAMILY = "1,2";
				TEST_HOST = "$(BUILT_PRODUCTS_DIR)/PbxConflictExample.app/$(BUNDLE_EXECUTABLE_FOLDER_PATH)/PbxConflictExample";
			};
			name = Debug;
		};
		BC9873EE2CB4CCE000D621E1 /* Release */ = {
			isa = XCBuildConfiguration;
			buildSettings = {
				ALWAYS_EMBED_SWIFT_STANDARD_LIBRARIES = YES;
				BUNDLE_LOADER = "$(TEST_HOST)";
				CODE_SIGN_STYLE = Automatic;
				CURRENT_PROJECT_VERSION = 1;
				DEVELOPMENT_TEAM = F8FT97JYZT;
				GENERATE_INFOPLIST_FILE = YES;
				IPHONEOS_DEPLOYMENT_TARGET = 17.5;
				MARKETING_VERSION = 1.0;
				PRODUCT_BUNDLE_IDENTIFIER = com.tunastorm.PbxConflictExampleTests;
				PRODUCT_NAME = "$(TARGET_NAME)";
				SWIFT_EMIT_LOC_STRINGS = NO;
				SWIFT_VERSION = 5.0;
				TARGETED_DEVICE_FAMILY = "1,2";
				TEST_HOST = "$(BUILT_PRODUCTS_DIR)/PbxConflictExample.app/$(BUNDLE_EXECUTABLE_FOLDER_PATH)/PbxConflictExample";
			};
			name = Release;
		};
		BC9873F02CB4CCE000D621E1 /* Debug */ = {
			isa = XCBuildConfiguration;
			buildSettings = {
				ALWAYS_EMBED_SWIFT_STANDARD_LIBRARIES = YES;
				CODE_SIGN_STYLE = Automatic;
				CURRENT_PROJECT_VERSION = 1;
				DEVELOPMENT_TEAM = F8FT97JYZT;
				GENERATE_INFOPLIST_FILE = YES;
				MARKETING_VERSION = 1.0;
				PRODUCT_BUNDLE_IDENTIFIER = com.tunastorm.PbxConflictExampleUITests;
				PRODUCT_NAME = "$(TARGET_NAME)";
				SWIFT_EMIT_LOC_STRINGS = NO;
				SWIFT_VERSION = 5.0;
				TARGETED_DEVICE_FAMILY = "1,2";
				TEST_TARGET_NAME = PbxConflictExample;
			};
			name = Debug;
		};
		BC9873F12CB4CCE000D621E1 /* Release */ = {
			isa = XCBuildConfiguration;
			buildSettings = {
				ALWAYS_EMBED_SWIFT_STANDARD_LIBRARIES = YES;
				CODE_SIGN_STYLE = Automatic;
				CURRENT_PROJECT_VERSION = 1;
				DEVELOPMENT_TEAM = F8FT97JYZT;
				GENERATE_INFOPLIST_FILE = YES;
				MARKETING_VERSION = 1.0;
				PRODUCT_BUNDLE_IDENTIFIER = com.tunastorm.PbxConflictExampleUITests;
				PRODUCT_NAME = "$(TARGET_NAME)";
				SWIFT_EMIT_LOC_STRINGS = NO;
				SWIFT_VERSION = 5.0;
				TARGETED_DEVICE_FAMILY = "1,2";
				TEST_TARGET_NAME = PbxConflictExample;
			};
			name = Release;
		};
/* End XCBuildConfiguration section */

/* Begin XCConfigurationList section */
		BC9873C02CB4CCDF00D621E1 /* Build configuration list for PBXProject "PbxConflictExample" */ = {
			isa = XCConfigurationList;
			buildConfigurations = (
				BC9873E72CB4CCE000D621E1 /* Debug */,
				BC9873E82CB4CCE000D621E1 /* Release */,
			);
			defaultConfigurationIsVisible = 0;
			defaultConfigurationName = Release;
		};
		BC9873E92CB4CCE000D621E1 /* Build configuration list for PBXNativeTarget "PbxConflictExample" */ = {
			isa = XCConfigurationList;
			buildConfigurations = (
				BC9873EA2CB4CCE000D621E1 /* Debug */,
				BC9873EB2CB4CCE000D621E1 /* Release */,
			);
			defaultConfigurationIsVisible = 0;
			defaultConfigurationName = Release;
		};
		BC9873EC2CB4CCE000D621E1 /* Build configuration list for PBXNativeTarget "PbxConflictExampleTests" */ = {
			isa = XCConfigurationList;
			buildConfigurations = (
				BC9873ED2CB4CCE000D621E1 /* Debug */,
				BC9873EE2CB4CCE000D621E1 /* Release */,
			);
			defaultConfigurationIsVisible = 0;
			defaultConfigurationName = Release;
		};
		BC9873EF2CB4CCE000D621E1 /* Build configuration list for PBXNativeTarget "PbxConflictExampleUITests" */ = {
			isa = XCConfigurationList;
			buildConfigurations = (
				BC9873F02CB4CCE000D621E1 /* Debug */,
				BC9873F12CB4CCE000D621E1 /* Release */,
			);
			defaultConfigurationIsVisible = 0;
			defaultConfigurationName = Release;
		};
/* End XCConfigurationList section */
	};
	rootObject = BC9873BD2CB4CCDF00D621E1 /* Project object */;
}
